
Microsoft Visual Studio Solution File, Format Version 12.00
# Visual Studio Version 17
VisualStudioVersion = 17.12.35728.132
MinimumVisualStudioVersion = 10.0.40219.1
Project("{FAE04EC0-301F-11D3-BF4B-00C04F79EFBC}") = "EventFlow.Domain", "src\EventFlow.Domain\EventFlow.Domain.csproj", "{D139A190-0398-4918-8F7D-AE4FD48313E8}"
EndProject
Project("{FAE04EC0-301F-11D3-BF4B-00C04F79EFBC}") = "EventFlow.Application", "src\EventFlow.Application\EventFlow.Application.csproj", "{649D213B-BDF4-41AF-AE34-9B1DD5D9C1EF}"
EndProject
Project("{FAE04EC0-301F-11D3-BF4B-00C04F79EFBC}") = "EventFlow.Infrastructure", "src\EventFlow.Infrastructure\EventFlow.Infrastructure.csproj", "{EA35836F-BE0E-4EB4-8A78-386E693E4EF5}"
EndProject
Project("{FAE04EC0-301F-11D3-BF4B-00C04F79EFBC}") = "EventFlow.Persistence", "src\EventFlow.Persistence\EventFlow.Persistence.csproj", "{A891C17C-C2AA-4EC8-8AF7-4834B1AB9DE8}"
EndProject
Project("{FAE04EC0-301F-11D3-BF4B-00C04F79EFBC}") = "EventFlow.API", "src\EventFlow.API\EventFlow.API.csproj", "{51A6C387-F1C3-4059-B9E2-E02B50AA37C9}"
EndProject
Project("{2150E333-8FDC-42A3-9474-1A3956D46DE8}") = "Docker", "Docker", "{9970C2C8-FD92-4B6F-AD3D-64BF18E82B17}"
	ProjectSection(SolutionItems) = preProject
		docker-compose.yml = docker-compose.yml
	EndProjectSection
EndProject
Global
	GlobalSection(SolutionConfigurationPlatforms) = preSolution
		Debug|Any CPU = Debug|Any CPU
		Release|Any CPU = Release|Any CPU
	EndGlobalSection
	GlobalSection(ProjectConfigurationPlatforms) = postSolution
		{D139A190-0398-4918-8F7D-AE4FD48313E8}.Debug|Any CPU.ActiveCfg = Debug|Any CPU
		{D139A190-0398-4918-8F7D-AE4FD48313E8}.Debug|Any CPU.Build.0 = Debug|Any CPU
		{D139A190-0398-4918-8F7D-AE4FD48313E8}.Release|Any CPU.ActiveCfg = Release|Any CPU
		{D139A190-0398-4918-8F7D-AE4FD48313E8}.Release|Any CPU.Build.0 = Release|Any CPU
		{649D213B-BDF4-41AF-AE34-9B1DD5D9C1EF}.Debug|Any CPU.ActiveCfg = Debug|Any CPU
		{649D213B-BDF4-41AF-AE34-9B1DD5D9C1EF}.Debug|Any CPU.Build.0 = Debug|Any CPU
		{649D213B-BDF4-41AF-AE34-9B1DD5D9C1EF}.Release|Any CPU.ActiveCfg = Release|Any CPU
		{649D213B-BDF4-41AF-AE34-9B1DD5D9C1EF}.Release|Any CPU.Build.0 = Release|Any CPU
		{EA35836F-BE0E-4EB4-8A78-386E693E4EF5}.Debug|Any CPU.ActiveCfg = Debug|Any CPU
		{EA35836F-BE0E-4EB4-8A78-386E693E4EF5}.Debug|Any CPU.Build.0 = Debug|Any CPU
		{EA35836F-BE0E-4EB4-8A78-386E693E4EF5}.Release|Any CPU.ActiveCfg = Release|Any CPU
		{EA35836F-BE0E-4EB4-8A78-386E693E4EF5}.Release|Any CPU.Build.0 = Release|Any CPU
		{A891C17C-C2AA-4EC8-8AF7-4834B1AB9DE8}.Debug|Any CPU.ActiveCfg = Debug|Any CPU
		{A891C17C-C2AA-4EC8-8AF7-4834B1AB9DE8}.Debug|Any CPU.Build.0 = Debug|Any CPU
		{A891C17C-C2AA-4EC8-8AF7-4834B1AB9DE8}.Release|Any CPU.ActiveCfg = Release|Any CPU
		{A891C17C-C2AA-4EC8-8AF7-4834B1AB9DE8}.Release|Any CPU.Build.0 = Release|Any CPU
		{51A6C387-F1C3-4059-B9E2-E02B50AA37C9}.Debug|Any CPU.ActiveCfg = Debug|Any CPU
		{51A6C387-F1C3-4059-B9E2-E02B50AA37C9}.Debug|Any CPU.Build.0 = Debug|Any CPU
		{51A6C387-F1C3-4059-B9E2-E02B50AA37C9}.Release|Any CPU.ActiveCfg = Release|Any CPU
		{51A6C387-F1C3-4059-B9E2-E02B50AA37C9}.Release|Any CPU.Build.0 = Release|Any CPU
	EndGlobalSection
	GlobalSection(SolutionProperties) = preSolution
		HideSolutionNode = FALSE
	EndGlobalSection
EndGlobal
